# This file is automatically @generated by Cargo.
# It is not intended for manual editing.
version = 4

[[package]]
name = "openpfe"
version = "0.1.0"
dependencies = [
 "openpfe-ipc",
]

[[package]]
name = "openpfe-graph"
version = "0.1.0"

[[package]]
name = "openpfe-ipc"
version = "0.1.0"

[[package]]
name = "openpfe-llm"
version = "0.1.0"

[[package]]
name = "openpfe-mcp"
version = "0.1.0"
dependencies = [
 "openpfe-graph",
]

[[package]]
name = "openpfe-server"
version = "0.1.0"
dependencies = [
 "openpfe-ipc",
 "openpfe-llm",
 "openpfe-mcp",
 "openpfe-ui",
 "openpfe-webui",
]

[[package]]
name = "openpfe-ui"
version = "0.1.0"
dependencies = [
 "openpfe-graph",
 "openpfe-llm",
]

[[package]]
name = "openpfe-webui"
version = "0.1.0"
